
Microsoft Visual Studio Solution File, Format Version 12.00
# Visual Studio Version 17
VisualStudioVersion = 17.3.32811.315
MinimumVisualStudioVersion = 10.0.40219.1
Project("{FAE04EC0-301F-11D3-BF4B-00C04F79EFBC}") = "LineComparision", "LineComparision.csproj", "{F2D98496-FAE4-43D9-8039-95E568076F78}"
EndProject
Global
	GlobalSection(SolutionConfigurationPlatforms) = preSolution
		Debug|Any CPU = Debug|Any CPU
		Release|Any CPU = Release|Any CPU
	EndGlobalSection
	GlobalSection(ProjectConfigurationPlatforms) = postSolution
		{F2D98496-FAE4-43D9-8039-95E568076F78}.Debug|Any CPU.ActiveCfg = Debug|Any CPU
		{F2D98496-FAE4-43D9-8039-95E568076F78}.Debug|Any CPU.Build.0 = Debug|Any CPU
		{F2D98496-FAE4-43D9-8039-95E568076F78}.Release|Any CPU.ActiveCfg = Release|Any CPU
		{F2D98496-FAE4-43D9-8039-95E568076F78}.Release|Any CPU.Build.0 = Release|Any CPU
	EndGlobalSection
	GlobalSection(SolutionProperties) = preSolution
		HideSolutionNode = FALSE
	EndGlobalSection
	GlobalSection(ExtensibilityGlobals) = postSolution
		SolutionGuid = {31AF43EC-D6B3-43CF-98C7-482BC6BE1D99}
	EndGlobalSection
EndGlobal
